// !$*UTF8*$!
{
	archiveVersion = 1;
	classes = {
	};
	objectVersion = 46;
	objects = {

/* Begin PBXBuildFile section */
		20ABFD391856379D008E1DE7 /* Foundation.framework in Frameworks */ = {isa = PBXBuildFile; fileRef = 20ABFD381856379D008E1DE7 /* Foundation.framework */; };
		20ABFD3B1856379D008E1DE7 /* CoreGraphics.framework in Frameworks */ = {isa = PBXBuildFile; fileRef = 20ABFD3A1856379D008E1DE7 /* CoreGraphics.framework */; };
		20ABFD3D1856379D008E1DE7 /* UIKit.framework in Frameworks */ = {isa = PBXBuildFile; fileRef = 20ABFD3C1856379D008E1DE7 /* UIKit.framework */; };
		20ABFD431856379D008E1DE7 /* InfoPlist.strings in Resources */ = {isa = PBXBuildFile; fileRef = 20ABFD411856379D008E1DE7 /* InfoPlist.strings */; };
		20ABFD451856379D008E1DE7 /* main.m in Sources */ = {isa = PBXBuildFile; fileRef = 20ABFD441856379D008E1DE7 /* main.m */; };
		20ABFD491856379D008E1DE7 /* GameTestAppDelegate.m in Sources */ = {isa = PBXBuildFile; fileRef = 20ABFD481856379D008E1DE7 /* GameTestAppDelegate.m */; };
		20ABFD4C1856379D008E1DE7 /* Main.storyboard in Resources */ = {isa = PBXBuildFile; fileRef = 20ABFD4A1856379D008E1DE7 /* Main.storyboard */; };
		20ABFD4F1856379D008E1DE7 /* GameTestViewController.m in Sources */ = {isa = PBXBuildFile; fileRef = 20ABFD4E1856379D008E1DE7 /* GameTestViewController.m */; };
		20ABFD511856379D008E1DE7 /* Images.xcassets in Resources */ = {isa = PBXBuildFile; fileRef = 20ABFD501856379D008E1DE7 /* Images.xcassets */; };
		20ABFD581856379D008E1DE7 /* XCTest.framework in Frameworks */ = {isa = PBXBuildFile; fileRef = 20ABFD571856379D008E1DE7 /* XCTest.framework */; };
		20ABFD591856379D008E1DE7 /* Foundation.framework in Frameworks */ = {isa = PBXBuildFile; fileRef = 20ABFD381856379D008E1DE7 /* Foundation.framework */; };
		20ABFD5A1856379D008E1DE7 /* UIKit.framework in Frameworks */ = {isa = PBXBuildFile; fileRef = 20ABFD3C1856379D008E1DE7 /* UIKit.framework */; };
		20ABFD621856379D008E1DE7 /* InfoPlist.strings in Resources */ = {isa = PBXBuildFile; fileRef = 20ABFD601856379D008E1DE7 /* InfoPlist.strings */; };
		20ABFD641856379D008E1DE7 /* samplegitTests.m in Sources */ = {isa = PBXBuildFile; fileRef = 20ABFD631856379D008E1DE7 /* samplegitTests.m */; };
		20ABFD6E18566851008E1DE7 /* AVFoundation.framework in Frameworks */ = {isa = PBXBuildFile; fileRef = 20ABFD6D18566851008E1DE7 /* AVFoundation.framework */; };
/* End PBXBuildFile section */

/* Begin PBXContainerItemProxy section */
		20ABFD5B1856379D008E1DE7 /* PBXContainerItemProxy */ = {
			isa = PBXContainerItemProxy;
			containerPortal = 20ABFD2D1856379D008E1DE7 /* Project object */;
			proxyType = 1;
			remoteGlobalIDString = 20ABFD341856379D008E1DE7;
			remoteInfo = samplegit;
		};
/* End PBXContainerItemProxy section */

/* Begin PBXFileReference section */
		20ABFD351856379D008E1DE7 /* samplegit.app */ = {isa = PBXFileReference; explicitFileType = wrapper.application; includeInIndex = 0; path = samplegit.app; sourceTree = BUILT_PRODUCTS_DIR; };
		20ABFD381856379D008E1DE7 /* Foundation.framework */ = {isa = PBXFileReference; lastKnownFileType = wrapper.framework; name = Foundation.framework; path = System/Library/Frameworks/Foundation.framework; sourceTree = SDKROOT; };
		20ABFD3A1856379D008E1DE7 /* CoreGraphics.framework */ = {isa = PBXFileReference; lastKnownFileType = wrapper.framework; name = CoreGraphics.framework; path = System/Library/Frameworks/CoreGraphics.framework; sourceTree = SDKROOT; };
		20ABFD3C1856379D008E1DE7 /* UIKit.framework */ = {isa = PBXFileReference; lastKnownFileType = wrapper.framework; name = UIKit.framework; path = System/Library/Frameworks/UIKit.framework; sourceTree = SDKROOT; };
		20ABFD401856379D008E1DE7 /* samplegit-Info.plist */ = {isa = PBXFileReference; lastKnownFileType = text.plist.xml; path = "samplegit-Info.plist"; sourceTree = "<group>"; };
		20ABFD421856379D008E1DE7 /* en */ = {isa = PBXFileReference; lastKnownFileType = text.plist.strings; name = en; path = en.lproj/InfoPlist.strings; sourceTree = "<group>"; };
		20ABFD441856379D008E1DE7 /* main.m */ = {isa = PBXFileReference; lastKnownFileType = sourcecode.c.objc; path = main.m; sourceTree = "<group>"; };
		20ABFD461856379D008E1DE7 /* samplegit-Prefix.pch */ = {isa = PBXFileReference; lastKnownFileType = sourcecode.c.h; path = "samplegit-Prefix.pch"; sourceTree = "<group>"; };
		20ABFD471856379D008E1DE7 /* GameTestAppDelegate.h */ = {isa = PBXFileReference; lastKnownFileType = sourcecode.c.h; path = GameTestAppDelegate.h; sourceTree = "<group>"; };
		20ABFD481856379D008E1DE7 /* GameTestAppDelegate.m */ = {isa = PBXFileReference; lastKnownFileType = sourcecode.c.objc; path = GameTestAppDelegate.m; sourceTree = "<group>"; };
		20ABFD4B1856379D008E1DE7 /* Base */ = {isa = PBXFileReference; lastKnownFileType = file.storyboard; name = Base; path = Base.lproj/Main.storyboard; sourceTree = "<group>"; };
		20ABFD4D1856379D008E1DE7 /* GameTestViewController.h */ = {isa = PBXFileReference; lastKnownFileType = sourcecode.c.h; path = GameTestViewController.h; sourceTree = "<group>"; };
		20ABFD4E1856379D008E1DE7 /* GameTestViewController.m */ = {isa = PBXFileReference; lastKnownFileType = sourcecode.c.objc; path = GameTestViewController.m; sourceTree = "<group>"; };
		20ABFD501856379D008E1DE7 /* Images.xcassets */ = {isa = PBXFileReference; lastKnownFileType = folder.assetcatalog; path = Images.xcassets; sourceTree = "<group>"; };
		20ABFD561856379D008E1DE7 /* samplegitTests.xctest */ = {isa = PBXFileReference; explicitFileType = wrapper.cfbundle; includeInIndex = 0; path = samplegitTests.xctest; sourceTree = BUILT_PRODUCTS_DIR; };
		20ABFD571856379D008E1DE7 /* XCTest.framework */ = {isa = PBXFileReference; lastKnownFileType = wrapper.framework; name = XCTest.framework; path = Library/Frameworks/XCTest.framework; sourceTree = DEVELOPER_DIR; };
		20ABFD5F1856379D008E1DE7 /* samplegitTests-Info.plist */ = {isa = PBXFileReference; lastKnownFileType = text.plist.xml; path = "samplegitTests-Info.plist"; sourceTree = "<group>"; };
		20ABFD611856379D008E1DE7 /* en */ = {isa = PBXFileReference; lastKnownFileType = text.plist.strings; name = en; path = en.lproj/InfoPlist.strings; sourceTree = "<group>"; };
		20ABFD631856379D008E1DE7 /* samplegitTests.m */ = {isa = PBXFileReference; lastKnownFileType = sourcecode.c.objc; path = samplegitTests.m; sourceTree = "<group>"; };
		20ABFD6D18566851008E1DE7 /* AVFoundation.framework */ = {isa = PBXFileReference; lastKnownFileType = wrapper.framework; name = AVFoundation.framework; path = System/Library/Frameworks/AVFoundation.framework; sourceTree = SDKROOT; };
/* End PBXFileReference section */

/* Begin PBXFrameworksBuildPhase section */
		20ABFD321856379D008E1DE7 /* Frameworks */ = {
			isa = PBXFrameworksBuildPhase;
			buildActionMask = 2147483647;
			files = (
				20ABFD6E18566851008E1DE7 /* AVFoundation.framework in Frameworks */,
				20ABFD3B1856379D008E1DE7 /* CoreGraphics.framework in Frameworks */,
				20ABFD3D1856379D008E1DE7 /* UIKit.framework in Frameworks */,
				20ABFD391856379D008E1DE7 /* Foundation.framework in Frameworks */,
			);
			runOnlyForDeploymentPostprocessing = 0;
		};
		20ABFD531856379D008E1DE7 /* Frameworks */ = {
			isa = PBXFrameworksBuildPhase;
			buildActionMask = 2147483647;
			files = (
				20ABFD581856379D008E1DE7 /* XCTest.framework in Frameworks */,
				20ABFD5A1856379D008E1DE7 /* UIKit.framework in Frameworks */,
				20ABFD591856379D008E1DE7 /* Foundation.framework in Frameworks */,
			);
			runOnlyForDeploymentPostprocessing = 0;
		};
/* End PBXFrameworksBuildPhase section */

/* Begin PBXGroup section */
		20ABFD2C1856379D008E1DE7 = {
			isa = PBXGroup;
			children = (
				20ABFD3E1856379D008E1DE7 /* samplegit */,
				20ABFD5D1856379D008E1DE7 /* samplegitTests */,
				20ABFD371856379D008E1DE7 /* Frameworks */,
				20ABFD361856379D008E1DE7 /* Products */,
			);
			sourceTree = "<group>";
		};
		20ABFD361856379D008E1DE7 /* Products */ = {
			isa = PBXGroup;
			children = (
				20ABFD351856379D008E1DE7 /* samplegit.app */,
				20ABFD561856379D008E1DE7 /* samplegitTests.xctest */,
			);
			name = Products;
			sourceTree = "<group>";
		};
		20ABFD371856379D008E1DE7 /* Frameworks */ = {
			isa = PBXGroup;
			children = (
				20ABFD6D18566851008E1DE7 /* AVFoundation.framework */,
				20ABFD381856379D008E1DE7 /* Foundation.framework */,
				20ABFD3A1856379D008E1DE7 /* CoreGraphics.framework */,
				20ABFD3C1856379D008E1DE7 /* UIKit.framework */,
				20ABFD571856379D008E1DE7 /* XCTest.framework */,
			);
			name = Frameworks;
			sourceTree = "<group>";
		};
		20ABFD3E1856379D008E1DE7 /* samplegit */ = {
			isa = PBXGroup;
			children = (
				20ABFD471856379D008E1DE7 /* GameTestAppDelegate.h */,
				20ABFD481856379D008E1DE7 /* GameTestAppDelegate.m */,
				20ABFD4A1856379D008E1DE7 /* Main.storyboard */,
				20ABFD4D1856379D008E1DE7 /* GameTestViewController.h */,
				20ABFD4E1856379D008E1DE7 /* GameTestViewController.m */,
				20ABFD501856379D008E1DE7 /* Images.xcassets */,
				20ABFD3F1856379D008E1DE7 /* Supporting Files */,
			);
			path = samplegit;
			sourceTree = "<group>";
		};
		20ABFD3F1856379D008E1DE7 /* Supporting Files */ = {
			isa = PBXGroup;
			children = (
				20ABFD401856379D008E1DE7 /* samplegit-Info.plist */,
				20ABFD411856379D008E1DE7 /* InfoPlist.strings */,
				20ABFD441856379D008E1DE7 /* main.m */,
				20ABFD461856379D008E1DE7 /* samplegit-Prefix.pch */,
			);
			name = "Supporting Files";
			sourceTree = "<group>";
		};
		20ABFD5D1856379D008E1DE7 /* samplegitTests */ = {
			isa = PBXGroup;
			children = (
				20ABFD631856379D008E1DE7 /* samplegitTests.m */,
				20ABFD5E1856379D008E1DE7 /* Supporting Files */,
			);
			path = samplegitTests;
			sourceTree = "<group>";
		};
		20ABFD5E1856379D008E1DE7 /* Supporting Files */ = {
			isa = PBXGroup;
			children = (
				20ABFD5F1856379D008E1DE7 /* samplegitTests-Info.plist */,
				20ABFD601856379D008E1DE7 /* InfoPlist.strings */,
			);
			name = "Supporting Files";
			sourceTree = "<group>";
		};
/* End PBXGroup section */

/* Begin PBXNativeTarget section */
		20ABFD341856379D008E1DE7 /* samplegit */ = {
			isa = PBXNativeTarget;
			buildConfigurationList = 20ABFD671856379D008E1DE7 /* Build configuration list for PBXNativeTarget "samplegit" */;
			buildPhases = (
				20ABFD311856379D008E1DE7 /* Sources */,
				20ABFD321856379D008E1DE7 /* Frameworks */,
				20ABFD331856379D008E1DE7 /* Resources */,
			);
			buildRules = (
			);
			dependencies = (
			);
			name = samplegit;
			productName = samplegit;
			productReference = 20ABFD351856379D008E1DE7 /* samplegit.app */;
			productType = "com.apple.product-type.application";
		};
		20ABFD551856379D008E1DE7 /* samplegitTests */ = {
			isa = PBXNativeTarget;
			buildConfigurationList = 20ABFD6A1856379D008E1DE7 /* Build configuration list for PBXNativeTarget "samplegitTests" */;
			buildPhases = (
				20ABFD521856379D008E1DE7 /* Sources */,
				20ABFD531856379D008E1DE7 /* Frameworks */,
				20ABFD541856379D008E1DE7 /* Resources */,
			);
			buildRules = (
			);
			dependencies = (
				20ABFD5C1856379D008E1DE7 /* PBXTargetDependency */,
			);
			name = samplegitTests;
			productName = samplegitTests;
			productReference = 20ABFD561856379D008E1DE7 /* samplegitTests.xctest */;
			productType = "com.apple.product-type.bundle.unit-test";
		};
/* End PBXNativeTarget section */

/* Begin PBXProject section */
		20ABFD2D1856379D008E1DE7 /* Project object */ = {
			isa = PBXProject;
			attributes = {
				CLASSPREFIX = GameTest;
				LastUpgradeCheck = 0500;
				ORGANIZATIONNAME = "Ray Amour";
				TargetAttributes = {
					20ABFD551856379D008E1DE7 = {
						TestTargetID = 20ABFD341856379D008E1DE7;
					};
				};
			};
			buildConfigurationList = 20ABFD301856379D008E1DE7 /* Build configuration list for PBXProject "samplegit" */;
			compatibilityVersion = "Xcode 3.2";
			developmentRegion = English;
			hasScannedForEncodings = 0;
			knownRegions = (
				en,
				Base,
			);
			mainGroup = 20ABFD2C1856379D008E1DE7;
			productRefGroup = 20ABFD361856379D008E1DE7 /* Products */;
			projectDirPath = "";
			projectRoot = "";
			targets = (
				20ABFD341856379D008E1DE7 /* samplegit */,
				20ABFD551856379D008E1DE7 /* samplegitTests */,
			);
		};
/* End PBXProject section */

/* Begin PBXResourcesBuildPhase section */
		20ABFD331856379D008E1DE7 /* Resources */ = {
			isa = PBXResourcesBuildPhase;
			buildActionMask = 2147483647;
			files = (
				20ABFD511856379D008E1DE7 /* Images.xcassets in Resources */,
				20ABFD431856379D008E1DE7 /* InfoPlist.strings in Resources */,
				20ABFD4C1856379D008E1DE7 /* Main.storyboard in Resources */,
			);
			runOnlyForDeploymentPostprocessing = 0;
		};
		20ABFD541856379D008E1DE7 /* Resources */ = {
			isa = PBXResourcesBuildPhase;
			buildActionMask = 2147483647;
			files = (
				20ABFD621856379D008E1DE7 /* InfoPlist.strings in Resources */,
			);
			runOnlyForDeploymentPostprocessing = 0;
		};
/* End PBXResourcesBuildPhase section */

/* Begin PBXSourcesBuildPhase section */
		20ABFD311856379D008E1DE7 /* Sources */ = {
			isa = PBXSourcesBuildPhase;
			buildActionMask = 2147483647;
			files = (
				20ABFD491856379D008E1DE7 /* GameTestAppDelegate.m in Sources */,
				20ABFD4F1856379D008E1DE7 /* GameTestViewController.m in Sources */,
				20ABFD451856379D008E1DE7 /* main.m in Sources */,
			);
			runOnlyForDeploymentPostprocessing = 0;
		};
		20ABFD521856379D008E1DE7 /* Sources */ = {
			isa = PBXSourcesBuildPhase;
			buildActionMask = 2147483647;
			files = (
				20ABFD641856379D008E1DE7 /* samplegitTests.m in Sources */,
			);
			runOnlyForDeploymentPostprocessing = 0;
		};
/* End PBXSourcesBuildPhase section */

/* Begin PBXTargetDependency section */
		20ABFD5C1856379D008E1DE7 /* PBXTargetDependency */ = {
			isa = PBXTargetDependency;
			target = 20ABFD341856379D008E1DE7 /* samplegit */;
			targetProxy = 20ABFD5B1856379D008E1DE7 /* PBXContainerItemProxy */;
		};
/* End PBXTargetDependency section */

/* Begin PBXVariantGroup section */
		20ABFD411856379D008E1DE7 /* InfoPlist.strings */ = {
			isa = PBXVariantGroup;
			children = (
				20ABFD421856379D008E1DE7 /* en */,
			);
			name = InfoPlist.strings;
			sourceTree = "<group>";
		};
		20ABFD4A1856379D008E1DE7 /* Main.storyboard */ = {
			isa = PBXVariantGroup;
			children = (
				20ABFD4B1856379D008E1DE7 /* Base */,
			);
			name = Main.storyboard;
			sourceTree = "<group>";
		};
		20ABFD601856379D008E1DE7 /* InfoPlist.strings */ = {
			isa = PBXVariantGroup;
			children = (
				20ABFD611856379D008E1DE7 /* en */,
			);
			name = InfoPlist.strings;
			sourceTree = "<group>";
		};
/* End PBXVariantGroup section */

/* Begin XCBuildConfiguration section */
		20ABFD651856379D008E1DE7 /* Debug */ = {
			isa = XCBuildConfiguration;
			buildSettings = {
				ALWAYS_SEARCH_USER_PATHS = NO;
				ARCHS = "$(ARCHS_STANDARD_INCLUDING_64_BIT)";
				CLANG_CXX_LANGUAGE_STANDARD = "gnu++0x";
				CLANG_CXX_LIBRARY = "libc++";
				CLANG_ENABLE_MODULES = YES;
				CLANG_ENABLE_OBJC_ARC = YES;
				CLANG_WARN_BOOL_CONVERSION = YES;
				CLANG_WARN_CONSTANT_CONVERSION = YES;
				CLANG_WARN_DIRECT_OBJC_ISA_USAGE = YES_ERROR;
				CLANG_WARN_EMPTY_BODY = YES;
				CLANG_WARN_ENUM_CONVERSION = YES;
				CLANG_WARN_INT_CONVERSION = YES;
				CLANG_WARN_OBJC_ROOT_CLASS = YES_ERROR;
				CLANG_WARN__DUPLICATE_METHOD_MATCH = YES;
				"CODE_SIGN_IDENTITY[sdk=iphoneos*]" = "iPhone Developer";
				COPY_PHASE_STRIP = NO;
				GCC_C_LANGUAGE_STANDARD = gnu99;
				GCC_DYNAMIC_NO_PIC = NO;
				GCC_OPTIMIZATION_LEVEL = 0;
				GCC_PREPROCESSOR_DEFINITIONS = (
					"DEBUG=1",
					"$(inherited)",
				);
				GCC_SYMBOLS_PRIVATE_EXTERN = NO;
				GCC_WARN_64_TO_32_BIT_CONVERSION = YES;
				GCC_WARN_ABOUT_RETURN_TYPE = YES_ERROR;
				GCC_WARN_UNDECLARED_SELECTOR = YES;
				GCC_WARN_UNINITIALIZED_AUTOS = YES;
				GCC_WARN_UNUSED_FUNCTION = YES;
				GCC_WARN_UNUSED_VARIABLE = YES;
				IPHONEOS_DEPLOYMENT_TARGET = 7.0;
				ONLY_ACTIVE_ARCH = YES;
				SDKROOT = iphoneos;
			};
			name = Debug;
		};
		20ABFD661856379D008E1DE7 /* Release */ = {
			isa = XCBuildConfiguration;
			buildSettings = {
				ALWAYS_SEARCH_USER_PATHS = NO;
				ARCHS = "$(ARCHS_STANDARD_INCLUDING_64_BIT)";
				CLANG_CXX_LANGUAGE_STANDARD = "gnu++0x";
				CLANG_CXX_LIBRARY = "libc++";
				CLANG_ENABLE_MODULES = YES;
				CLANG_ENABLE_OBJC_ARC = YES;
				CLANG_WARN_BOOL_CONVERSION = YES;
				CLANG_WARN_CONSTANT_CONVERSION = YES;
				CLANG_WARN_DIRECT_OBJC_ISA_USAGE = YES_ERROR;
				CLANG_WARN_EMPTY_BODY = YES;
				CLANG_WARN_ENUM_CONVERSION = YES;
				CLANG_WARN_INT_CONVERSION = YES;
				CLANG_WARN_OBJC_ROOT_CLASS = YES_ERROR;
				CLANG_WARN__DUPLICATE_METHOD_MATCH = YES;
				"CODE_SIGN_IDENTITY[sdk=iphoneos*]" = "iPhone Developer";
				COPY_PHASE_STRIP = YES;
				ENABLE_NS_ASSERTIONS = NO;
				GCC_C_LANGUAGE_STANDARD = gnu99;
				GCC_WARN_64_TO_32_BIT_CONVERSION = YES;
				GCC_WARN_ABOUT_RETURN_TYPE = YES_ERROR;
				GCC_WARN_UNDECLARED_SELECTOR = YES;
				GCC_WARN_UNINITIALIZED_AUTOS = YES;
				GCC_WARN_UNUSED_FUNCTION = YES;
				GCC_WARN_UNUSED_VARIABLE = YES;
				IPHONEOS_DEPLOYMENT_TARGET = 7.0;
				SDKROOT = iphoneos;
				VALIDATE_PRODUCT = YES;
			};
			name = Release;
		};
		20ABFD681856379D008E1DE7 /* Debug */ = {
			isa = XCBuildConfiguration;
			buildSettings = {
				ASSETCATALOG_COMPILER_APPICON_NAME = AppIcon;
				ASSETCATALOG_COMPILER_LAUNCHIMAGE_NAME = LaunchImage;
				GCC_PRECOMPILE_PREFIX_HEADER = YES;
				GCC_PREFIX_HEADER = "samplegit/samplegit-Prefix.pch";
				INFOPLIST_FILE = "samplegit/samplegit-Info.plist";
				PRODUCT_NAME = "$(TARGET_NAME)";
				WRAPPER_EXTENSION = app;
			};
			name = Debug;
		};
		20ABFD691856379D008E1DE7 /* Release */ = {
			isa = XCBuildConfiguration;
			buildSettings = {
				ASSETCATALOG_COMPILER_APPICON_NAME = AppIcon;
				ASSETCATALOG_COMPILER_LAUNCHIMAGE_NAME = LaunchImage;
				GCC_PRECOMPILE_PREFIX_HEADER = YES;
				GCC_PREFIX_HEADER = "samplegit/samplegit-Prefix.pch";
				INFOPLIST_FILE = "samplegit/samplegit-Info.plist";
				PRODUCT_NAME = "$(TARGET_NAME)";
				WRAPPER_EXTENSION = app;
			};
			name = Release;
		};
		20ABFD6B1856379D008E1DE7 /* Debug */ = {
			isa = XCBuildConfiguration;
			buildSettings = {
				ARCHS = "$(ARCHS_STANDARD_INCLUDING_64_BIT)";
				BUNDLE_LOADER = "$(BUILT_PRODUCTS_DIR)/samplegit.app/samplegit";
				FRAMEWORK_SEARCH_PATHS = (
					"$(SDKROOT)/Developer/Library/Frameworks",
					"$(inherited)",
					"$(DEVELOPER_FRAMEWORKS_DIR)",
				);
				GCC_PRECOMPILE_PREFIX_HEADER = YES;
				GCC_PREFIX_HEADER = "samplegit/samplegit-Prefix.pch";
				GCC_PREPROCESSOR_DEFINITIONS = (
					"DEBUG=1",
					"$(inherited)",
				);
				INFOPLIST_FILE = "samplegitTests/samplegitTests-Info.plist";
				PRODUCT_NAME = "$(TARGET_NAME)";
				TEST_HOST = "$(BUNDLE_LOADER)";
				WRAPPER_EXTENSION = xctest;
			};
			name = Debug;
		};
		20ABFD6C1856379D008E1DE7 /* Release */ = {
			isa = XCBuildConfiguration;
			buildSettings = {
				ARCHS = "$(ARCHS_STANDARD_INCLUDING_64_BIT)";
				BUNDLE_LOADER = "$(BUILT_PRODUCTS_DIR)/samplegit.app/samplegit";
				FRAMEWORK_SEARCH_PATHS = (
					"$(SDKROOT)/Developer/Library/Frameworks",
					"$(inherited)",
					"$(DEVELOPER_FRAMEWORKS_DIR)",
				);
				GCC_PRECOMPILE_PREFIX_HEADER = YES;
				GCC_PREFIX_HEADER = "samplegit/samplegit-Prefix.pch";
				INFOPLIST_FILE = "samplegitTests/samplegitTests-Info.plist";
				PRODUCT_NAME = "$(TARGET_NAME)";
				TEST_HOST = "$(BUNDLE_LOADER)";
				WRAPPER_EXTENSION = xctest;
			};
			name = Release;
		};
/* End XCBuildConfiguration section */

/* Begin XCConfigurationList section */
		20ABFD301856379D008E1DE7 /* Build configuration list for PBXProject "samplegit" */ = {
			isa = XCConfigurationList;
			buildConfigurations = (
				20ABFD651856379D008E1DE7 /* Debug */,
				20ABFD661856379D008E1DE7 /* Release */,
			);
			defaultConfigurationIsVisible = 0;
			defaultConfigurationName = Release;
		};
		20ABFD671856379D008E1DE7 /* Build configuration list for PBXNativeTarget "samplegit" */ = {
			isa = XCConfigurationList;
			buildConfigurations = (
				20ABFD681856379D008E1DE7 /* Debug */,
				20ABFD691856379D008E1DE7 /* Release */,
			);
			defaultConfigurationIsVisible = 0;
			defaultConfigurationName = Release;
		};
		20ABFD6A1856379D008E1DE7 /* Build configuration list for PBXNativeTarget "samplegitTests" */ = {
			isa = XCConfigurationList;
			buildConfigurations = (
				20ABFD6B1856379D008E1DE7 /* Debug */,
				20ABFD6C1856379D008E1DE7 /* Release */,
			);
			defaultConfigurationIsVisible = 0;
			defaultConfigurationName = Release;
		};
/* End XCConfigurationList section */
	};
	rootObject = 20ABFD2D1856379D008E1DE7 /* Project object */;
}
